
Microsoft Visual Studio Solution File, Format Version 12.00
# Visual Studio 15
VisualStudioVersion = 15.0.28307.421
MinimumVisualStudioVersion = 10.0.40219.1
Project("{FAE04EC0-301F-11D3-BF4B-00C04F79EFBC}") = "TarefasDiarias", "TarefasDiarias\TarefasDiarias.csproj", "{F1740CED-C7CD-4BC5-88DF-7105C02FFF45}"
EndProject
Global
	GlobalSection(SolutionConfigurationPlatforms) = preSolution
		Debug|Any CPU = Debug|Any CPU
		Release|Any CPU = Release|Any CPU
	EndGlobalSection
	GlobalSection(ProjectConfigurationPlatforms) = postSolution
		{F1740CED-C7CD-4BC5-88DF-7105C02FFF45}.Debug|Any CPU.ActiveCfg = Debug|Any CPU
		{F1740CED-C7CD-4BC5-88DF-7105C02FFF45}.Debug|Any CPU.Build.0 = Debug|Any CPU
		{F1740CED-C7CD-4BC5-88DF-7105C02FFF45}.Release|Any CPU.ActiveCfg = Release|Any CPU
		{F1740CED-C7CD-4BC5-88DF-7105C02FFF45}.Release|Any CPU.Build.0 = Release|Any CPU
	EndGlobalSection
	GlobalSection(SolutionProperties) = preSolution
		HideSolutionNode = FALSE
	EndGlobalSection
	GlobalSection(ExtensibilityGlobals) = postSolution
		SolutionGuid = {12CFA6B2-BF79-4971-9471-B1B52FBA7AD1}
	EndGlobalSection
EndGlobal
